<?xml version="1.0" encoding="utf-8"?>
<Project ToolsVersion="4.0" xmlns="http://schemas.microsoft.com/developer/msbuild/2003">
  <ItemGroup>
    <Filter Include="Source Files">
      <UniqueIdentifier>{4FC737F1-C7A5-4376-A066-2A32D752A2FF}</UniqueIdentifier>
      <Extensions>cpp;c;cc;cxx;c++;cppm;ixx;def;odl;idl;hpj;bat;asm;asmx</Extensions>
    </Filter>
    <Filter Include="Source Files\core">
      <UniqueIdentifier>{8A4E94C0-7E0E-4F67-8D7A-14B62C9A0A01}</UniqueIdentifier>
    </Filter>
    <Filter Include="Source Files\world">
      <UniqueIdentifier>{8A4E94C0-7E0E-4F67-8D7A-14B62C9A0A02}</UniqueIdentifier>
    </Filter>
    <Filter Include="Source Files\objects">
      <UniqueIdentifier>{8A4E94C0-7E0E-4F67-8D7A-14B62C9A0A03}</UniqueIdentifier>
    </Filter>
    <Filter Include="Source Files\ui">
      <UniqueIdentifier>{8A4E94C0-7E0E-4F67-8D7A-14B62C9A0A04}</UniqueIdentifier>
    </Filter>
    <Filter Include="Source Files\logic">
      <UniqueIdentifier>{8A4E94C0-7E0E-4F67-8D7A-14B62C9A0A05}</UniqueIdentifier>
    </Filter>
    <Filter Include="Source Files\utils">
      <UniqueIdentifier>{8A4E94C0-7E0E-4F67-8D7A-14B62C9A0A06}</UniqueIdentifier>
    </Filter>

    <Filter Include="Header Files">
      <UniqueIdentifier>{93995380-89BD-4b04-88EB-625FBE52EBFB}</UniqueIdentifier>
      <Extensions>h;hh;hpp;hxx;h++;hm;inl;inc;ipp;xsd</Extensions>
    </Filter>
    <Filter Include="Header Files\core">
      <UniqueIdentifier>{3DF6DAA0-8A9B-4B8F-A0D0-1D2B4C5D6E01}</UniqueIdentifier>
    </Filter>
    <Filter Include="Header Files\world">
      <UniqueIdentifier>{3DF6DAA0-8A9B-4B8F-A0D0-1D2B4C5D6E02}</UniqueIdentifier>
    </Filter>
    <Filter Include="Header Files\objects">
      <UniqueIdentifier>{3DF6DAA0-8A9B-4B8F-A0D0-1D2B4C5D6E03}</UniqueIdentifier>
    </Filter>
    <Filter Include="Header Files\ui">
      <UniqueIdentifier>{3DF6DAA0-8A9B-4B8F-A0D0-1D2B4C5D6E04}</UniqueIdentifier>
    </Filter>
    <Filter Include="Header Files\logic">
      <UniqueIdentifier>{3DF6DAA0-8A9B-4B8F-A0D0-1D2B4C5D6E05}</UniqueIdentifier>
    </Filter>
    <Filter Include="Header Files\utils">
      <UniqueIdentifier>{3DF6DAA0-8A9B-4B8F-A0D0-1D2B4C5D6E06}</UniqueIdentifier>
    </Filter>

    <Filter Include="Resource Files">
      <UniqueIdentifier>{67DA6AB6-F800-4c08-8B7A-83BB121AAD01}</UniqueIdentifier>
      <Extensions>rc;ico;cur;bmp;dlg;rc2;rct;bin;rgs;gif;jpg;jpeg;jpe;resx;tiff;tif;png;wav;mfcribbon-ms</Extensions>
    </Filter>
  </ItemGroup>
  <ItemGroup>
    <ClInclude Include="..\include\core\GameEngine.h">
      <Filter>Header Files\core</Filter>
    </ClInclude>
    <ClInclude Include="..\include\objects\Barrel.h">
      <Filter>Header Files\objects</Filter>
    </ClInclude>
    <ClInclude Include="..\include\world\Board.h">
      <Filter>Header Files\world</Filter>
    </ClInclude>
    <ClInclude Include="..\include\objects\DonkeyKong.h">
      <Filter>Header Files\objects</Filter>
    </ClInclude>
    <ClInclude Include="..\include\core\Game.h">
      <Filter>Header Files\core</Filter>
    </ClInclude>
    <ClInclude Include="..\include\core\GameLoad.h">
      <Filter>Header Files\core</Filter>
    </ClInclude>
    <ClInclude Include="..\include\objects\GameObject.h">
      <Filter>Header Files\objects</Filter>
    </ClInclude>
    <ClInclude Include="..\include\core\GameSave.h">
      <Filter>Header Files\core</Filter>
    </ClInclude>
    <ClInclude Include="..\include\core\GameSilent.h">
      <Filter>Header Files\core</Filter>
    </ClInclude>
    <ClInclude Include="..\include\core\GameSimple.h">
      <Filter>Header Files\core</Filter>
    </ClInclude>
    <ClInclude Include="..\include\objects\Ghost.h">
      <Filter>Header Files\objects</Filter>
    </ClInclude>
    <ClInclude Include="..\include\utils\Helpers.h">
      <Filter>Header Files\utils</Filter>
    </ClInclude>
    <ClInclude Include="..\include\world\location.h">
      <Filter>Header Files\world</Filter>
    </ClInclude>
    <ClInclude Include="..\include\objects\Mario.h">
      <Filter>Header Files\objects</Filter>
    </ClInclude>
    <ClInclude Include="..\include\ui\Menu.h">
      <Filter>Header Files\ui</Filter>
    </ClInclude>
    <ClInclude Include="..\include\objects\Princess.h">
      <Filter>Header Files\objects</Filter>
    </ClInclude>
    <ClInclude Include="..\include\objects\RegGhost.h">
      <Filter>Header Files\objects</Filter>
    </ClInclude>
    <ClInclude Include="..\include\ui\Results.h">
      <Filter>Header Files\ui</Filter>
    </ClInclude>
    <ClInclude Include="..\include\logic\Steps.h">
      <Filter>Header Files\logic</Filter>
    </ClInclude>
    <ClInclude Include="..\include\objects\SupGhost.h">
      <Filter>Header Files\objects</Filter>
    </ClInclude>
    <ClInclude Include="..\include\logic\Verifications.h">
      <Filter>Header Files\logic</Filter>
    </ClInclude>
  </ItemGroup>
  <ItemGroup>
    <ClCompile Include="..\src\objects\Barrel.cpp">
      <Filter>Source Files\objects</Filter>
    </ClCompile>
    <ClCompile Include="..\src\core\GameEngine.cpp">
      <Filter>Source Files\core</Filter>
    </ClCompile>
    <ClCompile Include="..\src\world\Board.cpp">
      <Filter>Source Files\world</Filter>
    </ClCompile>
    <ClCompile Include="..\src\core\Game.cpp">
      <Filter>Source Files\core</Filter>
    </ClCompile>
    <ClCompile Include="..\src\core\GameLoad.cpp">
      <Filter>Source Files\core</Filter>
    </ClCompile>
    <ClCompile Include="..\src\objects\GameObject.cpp">
      <Filter>Source Files\objects</Filter>
    </ClCompile>
    <ClCompile Include="..\src\core\GameSave.cpp">
      <Filter>Source Files\core</Filter>
    </ClCompile>
    <ClCompile Include="..\src\core\GameSilent.cpp">
      <Filter>Source Files\core</Filter>
    </ClCompile>
    <ClCompile Include="..\src\core\GameSimple.cpp">
      <Filter>Source Files\core</Filter>
    </ClCompile>
    <ClCompile Include="..\src\utils\Helpers.cpp">
      <Filter>Source Files\utils</Filter>
    </ClCompile>
    <ClCompile Include="..\src\core\Main.cpp">
      <Filter>Source Files\core</Filter>
    </ClCompile>
    <ClCompile Include="..\src\objects\Mario.cpp">
      <Filter>Source Files\objects</Filter>
    </ClCompile>
    <ClCompile Include="..\src\ui\Menu.cpp">
      <Filter>Source Files\ui</Filter>
    </ClCompile>
    <ClCompile Include="..\src\objects\RegGhost.cpp">
      <Filter>Source Files\objects</Filter>
    </ClCompile>
    <ClCompile Include="..\src\ui\Results.cpp">
      <Filter>Source Files\ui</Filter>
    </ClCompile>
    <ClCompile Include="..\src\logic\Steps.cpp">
      <Filter>Source Files\logic</Filter>
    </ClCompile>
    <ClCompile Include="..\src\objects\SupGhost.cpp">
      <Filter>Source Files\objects</Filter>
    </ClCompile>
    <ClCompile Include="..\src\logic\Verifications.cpp">
      <Filter>Source Files\logic</Filter>
    </ClCompile>
  </ItemGroup>
</Project>